
Microsoft Visual Studio Solution File, Format Version 12.00
# Visual Studio Version 16
VisualStudioVersion = 16.0.31729.503
MinimumVisualStudioVersion = 10.0.40219.1
Project("{FAE04EC0-301F-11D3-BF4B-00C04F79EFBC}") = "DrawingExtended", "DrawingExtended\DrawingExtended.csproj", "{3EC406E4-2998-4899-817A-77C0F33FCBA5}"
EndProject
Global
	GlobalSection(SolutionConfigurationPlatforms) = preSolution
		Debug|Any CPU = Debug|Any CPU
		Release|Any CPU = Release|Any CPU
	EndGlobalSection
	GlobalSection(ProjectConfigurationPlatforms) = postSolution
		{3EC406E4-2998-4899-817A-77C0F33FCBA5}.Debug|Any CPU.ActiveCfg = Debug|Any CPU
		{3EC406E4-2998-4899-817A-77C0F33FCBA5}.Debug|Any CPU.Build.0 = Debug|Any CPU
		{3EC406E4-2998-4899-817A-77C0F33FCBA5}.Release|Any CPU.ActiveCfg = Release|Any CPU
		{3EC406E4-2998-4899-817A-77C0F33FCBA5}.Release|Any CPU.Build.0 = Release|Any CPU
	EndGlobalSection
	GlobalSection(SolutionProperties) = preSolution
		HideSolutionNode = FALSE
	EndGlobalSection
	GlobalSection(ExtensibilityGlobals) = postSolution
		SolutionGuid = {87472737-912B-4AB7-8906-AE64041C4EC9}
	EndGlobalSection
EndGlobal
